
Microsoft Visual Studio Solution File, Format Version 12.00
# Visual Studio Version 16
VisualStudioVersion = 16.0.30717.126
MinimumVisualStudioVersion = 10.0.40219.1
Project("{FAE04EC0-301F-11D3-BF4B-00C04F79EFBC}") = "Bai_1.0_LamQuenVoiCSharp", "Bai_1.0_LamQuenVoiCSharp\Bai_1.0_LamQuenVoiCSharp.csproj", "{74234DBE-7150-46E8-8663-3C4DEA382F22}"
EndProject
Project("{FAE04EC0-301F-11D3-BF4B-00C04F79EFBC}") = "Bai_1.1_NhapXuatTuBanPhim", "Bai_1.1_NhapXuatTuBanPhim\Bai_1.1_NhapXuatTuBanPhim.csproj", "{2475F6E5-32E5-4091-9E78-B649CA382B59}"
EndProject
Project("{FAE04EC0-301F-11D3-BF4B-00C04F79EFBC}") = "Bai_1.2_KhaiBaoBien", "Bai_1.2_KhaiBaoBien\Bai_1.2_KhaiBaoBien.csproj", "{3C503BAA-1A27-4FA0-B985-F47C5D896D1D}"
EndProject
Project("{FAE04EC0-301F-11D3-BF4B-00C04F79EFBC}") = "Bai_1.3_ChuyenDoiKieuDuLieu", "Bai_1.3_ChuyenDoiKieuDuLieu\Bai_1.3_ChuyenDoiKieuDuLieu.csproj", "{C5697690-3CD3-451F-996B-985EC160B416}"
EndProject
Project("{FAE04EC0-301F-11D3-BF4B-00C04F79EFBC}") = "Bai_1.4_PhepToanSoHoc", "Bai_1.4_PhepToanSoHoc\Bai_1.4_PhepToanSoHoc.csproj", "{32F80447-8658-4B22-B580-37BFDBE268C0}"
EndProject
Project("{FAE04EC0-301F-11D3-BF4B-00C04F79EFBC}") = "Bai_1.5_BaiTap1", "Bai_1.5_BaiTap1\Bai_1.5_BaiTap1.csproj", "{1AE5D055-9D85-4ACE-A121-A692F6FA4A05}"
EndProject
Project("{FAE04EC0-301F-11D3-BF4B-00C04F79EFBC}") = "Bai_1.5_BaiTap2", "Bai_1.5_BaiTap2\Bai_1.5_BaiTap2.csproj", "{E57A27DB-5EC1-47C8-BB13-551002B05C24}"
EndProject
Project("{FAE04EC0-301F-11D3-BF4B-00C04F79EFBC}") = "Bai_2.1_CauLenhDieuKien", "Bai_2.1_CauLenhDieuKien\Bai_2.1_CauLenhDieuKien.csproj", "{CD70FFDF-029C-419D-AA77-19AE12EBE5E0}"
EndProject
Project("{FAE04EC0-301F-11D3-BF4B-00C04F79EFBC}") = "Bai_2.2_VongLap", "Bai_2.2_VongLap\Bai_2.2_VongLap.csproj", "{306C25A0-8B3E-4CDE-95F3-35A347C222DF}"
EndProject
Project("{FAE04EC0-301F-11D3-BF4B-00C04F79EFBC}") = "Bai_3.1_MangMotChieu", "Bai_3.1_MangMotChieu\Bai_3.1_MangMotChieu.csproj", "{60F66E7F-1B0E-4B90-B342-335F451BC715}"
EndProject
Project("{FAE04EC0-301F-11D3-BF4B-00C04F79EFBC}") = "Bai_3.2_ArrayList", "Bai_3.2_ArrayList\Bai_3.2_ArrayList.csproj", "{C3E53860-CF25-4A3B-91AF-BF4F7C0CCF55}"
EndProject
Project("{FAE04EC0-301F-11D3-BF4B-00C04F79EFBC}") = "Bai_3.3_MangNhieuChieu", "Bai_3.3_MangNhieuChieu\Bai_3.3_MangNhieuChieu.csproj", "{D1347BF0-E69C-4B03-BE54-FABE4987F76D}"
EndProject
Project("{FAE04EC0-301F-11D3-BF4B-00C04F79EFBC}") = "Bai_3.4_ThuatToanBubbleSort", "Bai_3.4_ThuatToanBubbleSort\Bai_3.4_ThuatToanBubbleSort.csproj", "{F7C6D5C7-B9A3-4C3A-B0B2-26CBE75482F2}"
EndProject
Project("{FAE04EC0-301F-11D3-BF4B-00C04F79EFBC}") = "Bai_4.1_LapTrinhHuongDoiTuongOOP", "Bai_4.1_LapTrinhHuongDoiTuongOOP\Bai_4.1_LapTrinhHuongDoiTuongOOP.csproj", "{2DB5A382-0D7D-43F2-BA4C-25D6886EEADE}"
EndProject
Project("{FAE04EC0-301F-11D3-BF4B-00C04F79EFBC}") = "Bai_4._Lab", "Bai_4._Lab\Bai_4._Lab.csproj", "{306571DE-51DD-474B-A39E-38C948403727}"
EndProject
Project("{FAE04EC0-301F-11D3-BF4B-00C04F79EFBC}") = "Bai_3._Lab", "Bai_3._Lab\Bai_3._Lab.csproj", "{A6AE3198-0B8D-4A7E-AE62-CCC39D4BD91E}"
EndProject
Project("{FAE04EC0-301F-11D3-BF4B-00C04F79EFBC}") = "Bai_5.1_KeThua", "Bai_5.1_KeThua\Bai_5.1_KeThua.csproj", "{78D80D70-96BB-4183-8208-A20BE4A7C67E}"
EndProject
Project("{FAE04EC0-301F-11D3-BF4B-00C04F79EFBC}") = "Bai_5_.BaiTap1", "Bai_5_.BaiTap1\Bai_5_.BaiTap1.csproj", "{858BD767-9685-4483-912F-EE83529BCB48}"
EndProject
Project("{FAE04EC0-301F-11D3-BF4B-00C04F79EFBC}") = "Bai_6.1_Interface", "Bai_6.1_Interface\Bai_6.1_Interface.csproj", "{14796014-6095-42B9-BCA3-22C2060A6D1F}"
EndProject
Global
	GlobalSection(SolutionConfigurationPlatforms) = preSolution
		Debug|Any CPU = Debug|Any CPU
		Release|Any CPU = Release|Any CPU
	EndGlobalSection
	GlobalSection(ProjectConfigurationPlatforms) = postSolution
		{74234DBE-7150-46E8-8663-3C4DEA382F22}.Debug|Any CPU.ActiveCfg = Debug|Any CPU
		{74234DBE-7150-46E8-8663-3C4DEA382F22}.Debug|Any CPU.Build.0 = Debug|Any CPU
		{74234DBE-7150-46E8-8663-3C4DEA382F22}.Release|Any CPU.ActiveCfg = Release|Any CPU
		{74234DBE-7150-46E8-8663-3C4DEA382F22}.Release|Any CPU.Build.0 = Release|Any CPU
		{2475F6E5-32E5-4091-9E78-B649CA382B59}.Debug|Any CPU.ActiveCfg = Debug|Any CPU
		{2475F6E5-32E5-4091-9E78-B649CA382B59}.Debug|Any CPU.Build.0 = Debug|Any CPU
		{2475F6E5-32E5-4091-9E78-B649CA382B59}.Release|Any CPU.ActiveCfg = Release|Any CPU
		{2475F6E5-32E5-4091-9E78-B649CA382B59}.Release|Any CPU.Build.0 = Release|Any CPU
		{3C503BAA-1A27-4FA0-B985-F47C5D896D1D}.Debug|Any CPU.ActiveCfg = Debug|Any CPU
		{3C503BAA-1A27-4FA0-B985-F47C5D896D1D}.Debug|Any CPU.Build.0 = Debug|Any CPU
		{3C503BAA-1A27-4FA0-B985-F47C5D896D1D}.Release|Any CPU.ActiveCfg = Release|Any CPU
		{3C503BAA-1A27-4FA0-B985-F47C5D896D1D}.Release|Any CPU.Build.0 = Release|Any CPU
		{C5697690-3CD3-451F-996B-985EC160B416}.Debug|Any CPU.ActiveCfg = Debug|Any CPU
		{C5697690-3CD3-451F-996B-985EC160B416}.Debug|Any CPU.Build.0 = Debug|Any CPU
		{C5697690-3CD3-451F-996B-985EC160B416}.Release|Any CPU.ActiveCfg = Release|Any CPU
		{C5697690-3CD3-451F-996B-985EC160B416}.Release|Any CPU.Build.0 = Release|Any CPU
		{32F80447-8658-4B22-B580-37BFDBE268C0}.Debug|Any CPU.ActiveCfg = Debug|Any CPU
		{32F80447-8658-4B22-B580-37BFDBE268C0}.Debug|Any CPU.Build.0 = Debug|Any CPU
		{32F80447-8658-4B22-B580-37BFDBE268C0}.Release|Any CPU.ActiveCfg = Release|Any CPU
		{32F80447-8658-4B22-B580-37BFDBE268C0}.Release|Any CPU.Build.0 = Release|Any CPU
		{1AE5D055-9D85-4ACE-A121-A692F6FA4A05}.Debug|Any CPU.ActiveCfg = Debug|Any CPU
		{1AE5D055-9D85-4ACE-A121-A692F6FA4A05}.Debug|Any CPU.Build.0 = Debug|Any CPU
		{1AE5D055-9D85-4ACE-A121-A692F6FA4A05}.Release|Any CPU.ActiveCfg = Release|Any CPU
		{1AE5D055-9D85-4ACE-A121-A692F6FA4A05}.Release|Any CPU.Build.0 = Release|Any CPU
		{E57A27DB-5EC1-47C8-BB13-551002B05C24}.Debug|Any CPU.ActiveCfg = Debug|Any CPU
		{E57A27DB-5EC1-47C8-BB13-551002B05C24}.Debug|Any CPU.Build.0 = Debug|Any CPU
		{E57A27DB-5EC1-47C8-BB13-551002B05C24}.Release|Any CPU.ActiveCfg = Release|Any CPU
		{E57A27DB-5EC1-47C8-BB13-551002B05C24}.Release|Any CPU.Build.0 = Release|Any CPU
		{CD70FFDF-029C-419D-AA77-19AE12EBE5E0}.Debug|Any CPU.ActiveCfg = Debug|Any CPU
		{CD70FFDF-029C-419D-AA77-19AE12EBE5E0}.Debug|Any CPU.Build.0 = Debug|Any CPU
		{CD70FFDF-029C-419D-AA77-19AE12EBE5E0}.Release|Any CPU.ActiveCfg = Release|Any CPU
		{CD70FFDF-029C-419D-AA77-19AE12EBE5E0}.Release|Any CPU.Build.0 = Release|Any CPU
		{306C25A0-8B3E-4CDE-95F3-35A347C222DF}.Debug|Any CPU.ActiveCfg = Debug|Any CPU
		{306C25A0-8B3E-4CDE-95F3-35A347C222DF}.Debug|Any CPU.Build.0 = Debug|Any CPU
		{306C25A0-8B3E-4CDE-95F3-35A347C222DF}.Release|Any CPU.ActiveCfg = Release|Any CPU
		{306C25A0-8B3E-4CDE-95F3-35A347C222DF}.Release|Any CPU.Build.0 = Release|Any CPU
		{60F66E7F-1B0E-4B90-B342-335F451BC715}.Debug|Any CPU.ActiveCfg = Debug|Any CPU
		{60F66E7F-1B0E-4B90-B342-335F451BC715}.Debug|Any CPU.Build.0 = Debug|Any CPU
		{60F66E7F-1B0E-4B90-B342-335F451BC715}.Release|Any CPU.ActiveCfg = Release|Any CPU
		{60F66E7F-1B0E-4B90-B342-335F451BC715}.Release|Any CPU.Build.0 = Release|Any CPU
		{C3E53860-CF25-4A3B-91AF-BF4F7C0CCF55}.Debug|Any CPU.ActiveCfg = Debug|Any CPU
		{C3E53860-CF25-4A3B-91AF-BF4F7C0CCF55}.Debug|Any CPU.Build.0 = Debug|Any CPU
		{C3E53860-CF25-4A3B-91AF-BF4F7C0CCF55}.Release|Any CPU.ActiveCfg = Release|Any CPU
		{C3E53860-CF25-4A3B-91AF-BF4F7C0CCF55}.Release|Any CPU.Build.0 = Release|Any CPU
		{D1347BF0-E69C-4B03-BE54-FABE4987F76D}.Debug|Any CPU.ActiveCfg = Debug|Any CPU
		{D1347BF0-E69C-4B03-BE54-FABE4987F76D}.Debug|Any CPU.Build.0 = Debug|Any CPU
		{D1347BF0-E69C-4B03-BE54-FABE4987F76D}.Release|Any CPU.ActiveCfg = Release|Any CPU
		{D1347BF0-E69C-4B03-BE54-FABE4987F76D}.Release|Any CPU.Build.0 = Release|Any CPU
		{F7C6D5C7-B9A3-4C3A-B0B2-26CBE75482F2}.Debug|Any CPU.ActiveCfg = Debug|Any CPU
		{F7C6D5C7-B9A3-4C3A-B0B2-26CBE75482F2}.Debug|Any CPU.Build.0 = Debug|Any CPU
		{F7C6D5C7-B9A3-4C3A-B0B2-26CBE75482F2}.Release|Any CPU.ActiveCfg = Release|Any CPU
		{F7C6D5C7-B9A3-4C3A-B0B2-26CBE75482F2}.Release|Any CPU.Build.0 = Release|Any CPU
		{2DB5A382-0D7D-43F2-BA4C-25D6886EEADE}.Debug|Any CPU.ActiveCfg = Debug|Any CPU
		{2DB5A382-0D7D-43F2-BA4C-25D6886EEADE}.Debug|Any CPU.Build.0 = Debug|Any CPU
		{2DB5A382-0D7D-43F2-BA4C-25D6886EEADE}.Release|Any CPU.ActiveCfg = Release|Any CPU
		{2DB5A382-0D7D-43F2-BA4C-25D6886EEADE}.Release|Any CPU.Build.0 = Release|Any CPU
		{306571DE-51DD-474B-A39E-38C948403727}.Debug|Any CPU.ActiveCfg = Debug|Any CPU
		{306571DE-51DD-474B-A39E-38C948403727}.Debug|Any CPU.Build.0 = Debug|Any CPU
		{306571DE-51DD-474B-A39E-38C948403727}.Release|Any CPU.ActiveCfg = Release|Any CPU
		{306571DE-51DD-474B-A39E-38C948403727}.Release|Any CPU.Build.0 = Release|Any CPU
		{A6AE3198-0B8D-4A7E-AE62-CCC39D4BD91E}.Debug|Any CPU.ActiveCfg = Debug|Any CPU
		{A6AE3198-0B8D-4A7E-AE62-CCC39D4BD91E}.Debug|Any CPU.Build.0 = Debug|Any CPU
		{A6AE3198-0B8D-4A7E-AE62-CCC39D4BD91E}.Release|Any CPU.ActiveCfg = Release|Any CPU
		{A6AE3198-0B8D-4A7E-AE62-CCC39D4BD91E}.Release|Any CPU.Build.0 = Release|Any CPU
		{78D80D70-96BB-4183-8208-A20BE4A7C67E}.Debug|Any CPU.ActiveCfg = Debug|Any CPU
		{78D80D70-96BB-4183-8208-A20BE4A7C67E}.Debug|Any CPU.Build.0 = Debug|Any CPU
		{78D80D70-96BB-4183-8208-A20BE4A7C67E}.Release|Any CPU.ActiveCfg = Release|Any CPU
		{78D80D70-96BB-4183-8208-A20BE4A7C67E}.Release|Any CPU.Build.0 = Release|Any CPU
		{858BD767-9685-4483-912F-EE83529BCB48}.Debug|Any CPU.ActiveCfg = Debug|Any CPU
		{858BD767-9685-4483-912F-EE83529BCB48}.Debug|Any CPU.Build.0 = Debug|Any CPU
		{858BD767-9685-4483-912F-EE83529BCB48}.Release|Any CPU.ActiveCfg = Release|Any CPU
		{858BD767-9685-4483-912F-EE83529BCB48}.Release|Any CPU.Build.0 = Release|Any CPU
		{14796014-6095-42B9-BCA3-22C2060A6D1F}.Debug|Any CPU.ActiveCfg = Debug|Any CPU
		{14796014-6095-42B9-BCA3-22C2060A6D1F}.Debug|Any CPU.Build.0 = Debug|Any CPU
		{14796014-6095-42B9-BCA3-22C2060A6D1F}.Release|Any CPU.ActiveCfg = Release|Any CPU
		{14796014-6095-42B9-BCA3-22C2060A6D1F}.Release|Any CPU.Build.0 = Release|Any CPU
	EndGlobalSection
	GlobalSection(SolutionProperties) = preSolution
		HideSolutionNode = FALSE
	EndGlobalSection
	GlobalSection(ExtensibilityGlobals) = postSolution
		SolutionGuid = {C8EF05F3-1FE3-4A4D-BC5F-B655E50076BD}
	EndGlobalSection
EndGlobal
